// !$*UTF8*$!
{
	archiveVersion = 1;
	classes = {
	};
	objectVersion = 46;
	objects = {

/* Begin PBXBuildFile section */
		8825C9381C8227230042AEFC /* Product.swift in Sources */ = {isa = PBXBuildFile; fileRef = 8825C9371C8227230042AEFC /* Product.swift */; };
		8825C93A1C8230E80042AEFC /* Command.swift in Sources */ = {isa = PBXBuildFile; fileRef = 8825C9391C8230E80042AEFC /* Command.swift */; };
		8825C93C1C82382F0042AEFC /* Notification.swift in Sources */ = {isa = PBXBuildFile; fileRef = 8825C93B1C82382F0042AEFC /* Notification.swift */; };
		882D565B1CA94E1D005AFEE9 /* ProductTableViewController.swift in Sources */ = {isa = PBXBuildFile; fileRef = 882D565A1CA94E1D005AFEE9 /* ProductTableViewController.swift */; };
		882D565E1CA95442005AFEE9 /* Main.storyboard in Resources */ = {isa = PBXBuildFile; fileRef = 882D565C1CA95442005AFEE9 /* Main.storyboard */; };
		883BBFA91C9DA147002B4510 /* SWRevealViewController.m in Sources */ = {isa = PBXBuildFile; fileRef = 883BBFA81C9DA147002B4510 /* SWRevealViewController.m */; };
		883BBFAD1C9DA262002B4510 /* CommandController.swift in Sources */ = {isa = PBXBuildFile; fileRef = 883BBFAC1C9DA262002B4510 /* CommandController.swift */; };
		886359CA1C959B7200097E55 /* ConnectionController.swift in Sources */ = {isa = PBXBuildFile; fileRef = 886359C91C959B7200097E55 /* ConnectionController.swift */; };
		886359CC1C959CB700097E55 /* HomeController.swift in Sources */ = {isa = PBXBuildFile; fileRef = 886359CB1C959CB700097E55 /* HomeController.swift */; };
		88729DFB1CF0BBD200BD3396 /* ProductCell.swift in Sources */ = {isa = PBXBuildFile; fileRef = 88729DFA1CF0BBD200BD3396 /* ProductCell.swift */; };
		889BE4C61C7F897900983D22 /* AppDelegate.swift in Sources */ = {isa = PBXBuildFile; fileRef = 889BE4C51C7F897900983D22 /* AppDelegate.swift */; };
		889BE4CD1C7F897900983D22 /* Assets.xcassets in Resources */ = {isa = PBXBuildFile; fileRef = 889BE4CC1C7F897900983D22 /* Assets.xcassets */; };
		889BE4D01C7F897900983D22 /* LaunchScreen.storyboard in Resources */ = {isa = PBXBuildFile; fileRef = 889BE4CE1C7F897900983D22 /* LaunchScreen.storyboard */; };
		889BE4DB1C7F897A00983D22 /* FoyerISENTests.swift in Sources */ = {isa = PBXBuildFile; fileRef = 889BE4DA1C7F897A00983D22 /* FoyerISENTests.swift */; };
		889BE4E61C7F89AB00983D22 /* NetworkManager.swift in Sources */ = {isa = PBXBuildFile; fileRef = 889BE4E51C7F89AB00983D22 /* NetworkManager.swift */; };
		88F83FCA1CF206B100175D37 /* globalVar.swift in Sources */ = {isa = PBXBuildFile; fileRef = 88F83FC91CF206B100175D37 /* globalVar.swift */; };
/* End PBXBuildFile section */

/* Begin PBXContainerItemProxy section */
		889BE4D71C7F897A00983D22 /* PBXContainerItemProxy */ = {
			isa = PBXContainerItemProxy;
			containerPortal = 889BE4BA1C7F897900983D22 /* Project object */;
			proxyType = 1;
			remoteGlobalIDString = 889BE4C11C7F897900983D22;
			remoteInfo = FoyerISEN;
		};
/* End PBXContainerItemProxy section */

/* Begin PBXFileReference section */
		8825C9371C8227230042AEFC /* Product.swift */ = {isa = PBXFileReference; fileEncoding = 4; lastKnownFileType = sourcecode.swift; path = Product.swift; sourceTree = "<group>"; };
		8825C9391C8230E80042AEFC /* Command.swift */ = {isa = PBXFileReference; fileEncoding = 4; lastKnownFileType = sourcecode.swift; path = Command.swift; sourceTree = "<group>"; };
		8825C93B1C82382F0042AEFC /* Notification.swift */ = {isa = PBXFileReference; fileEncoding = 4; lastKnownFileType = sourcecode.swift; path = Notification.swift; sourceTree = "<group>"; };
		882D565A1CA94E1D005AFEE9 /* ProductTableViewController.swift */ = {isa = PBXFileReference; fileEncoding = 4; lastKnownFileType = sourcecode.swift; path = ProductTableViewController.swift; sourceTree = "<group>"; };
		882D565D1CA95442005AFEE9 /* Base */ = {isa = PBXFileReference; lastKnownFileType = file.storyboard; name = Base; path = Base.lproj/Main.storyboard; sourceTree = "<group>"; };
		883BBFA61C9DA147002B4510 /* FoyerISEN-Bridging-Header.h */ = {isa = PBXFileReference; lastKnownFileType = sourcecode.c.h; path = "FoyerISEN-Bridging-Header.h"; sourceTree = "<group>"; };
		883BBFA71C9DA147002B4510 /* SWRevealViewController.h */ = {isa = PBXFileReference; fileEncoding = 4; lastKnownFileType = sourcecode.c.h; path = SWRevealViewController.h; sourceTree = "<group>"; };
		883BBFA81C9DA147002B4510 /* SWRevealViewController.m */ = {isa = PBXFileReference; fileEncoding = 4; lastKnownFileType = sourcecode.c.objc; path = SWRevealViewController.m; sourceTree = "<group>"; };
		883BBFAC1C9DA262002B4510 /* CommandController.swift */ = {isa = PBXFileReference; fileEncoding = 4; lastKnownFileType = sourcecode.swift; path = CommandController.swift; sourceTree = "<group>"; };
		886359C91C959B7200097E55 /* ConnectionController.swift */ = {isa = PBXFileReference; fileEncoding = 4; lastKnownFileType = sourcecode.swift; path = ConnectionController.swift; sourceTree = "<group>"; };
		886359CB1C959CB700097E55 /* HomeController.swift */ = {isa = PBXFileReference; fileEncoding = 4; lastKnownFileType = sourcecode.swift; path = HomeController.swift; sourceTree = "<group>"; };
		88729DFA1CF0BBD200BD3396 /* ProductCell.swift */ = {isa = PBXFileReference; fileEncoding = 4; lastKnownFileType = sourcecode.swift; path = ProductCell.swift; sourceTree = "<group>"; };
		889BE4C21C7F897900983D22 /* FoyerISEN.app */ = {isa = PBXFileReference; explicitFileType = wrapper.application; includeInIndex = 0; path = FoyerISEN.app; sourceTree = BUILT_PRODUCTS_DIR; };
		889BE4C51C7F897900983D22 /* AppDelegate.swift */ = {isa = PBXFileReference; lastKnownFileType = sourcecode.swift; path = AppDelegate.swift; sourceTree = "<group>"; };
		889BE4CC1C7F897900983D22 /* Assets.xcassets */ = {isa = PBXFileReference; lastKnownFileType = folder.assetcatalog; path = Assets.xcassets; sourceTree = "<group>"; };
		889BE4CF1C7F897900983D22 /* Base */ = {isa = PBXFileReference; lastKnownFileType = file.storyboard; name = Base; path = Base.lproj/LaunchScreen.storyboard; sourceTree = "<group>"; };
		889BE4D11C7F897900983D22 /* Info.plist */ = {isa = PBXFileReference; lastKnownFileType = text.plist.xml; path = Info.plist; sourceTree = "<group>"; };
		889BE4D61C7F897A00983D22 /* FoyerISENTests.xctest */ = {isa = PBXFileReference; explicitFileType = wrapper.cfbundle; includeInIndex = 0; path = FoyerISENTests.xctest; sourceTree = BUILT_PRODUCTS_DIR; };
		889BE4DA1C7F897A00983D22 /* FoyerISENTests.swift */ = {isa = PBXFileReference; lastKnownFileType = sourcecode.swift; path = FoyerISENTests.swift; sourceTree = "<group>"; };
		889BE4DC1C7F897A00983D22 /* Info.plist */ = {isa = PBXFileReference; lastKnownFileType = text.plist.xml; path = Info.plist; sourceTree = "<group>"; };
		889BE4E51C7F89AB00983D22 /* NetworkManager.swift */ = {isa = PBXFileReference; fileEncoding = 4; lastKnownFileType = sourcecode.swift; path = NetworkManager.swift; sourceTree = "<group>"; };
		88F83FC91CF206B100175D37 /* globalVar.swift */ = {isa = PBXFileReference; fileEncoding = 4; lastKnownFileType = sourcecode.swift; path = globalVar.swift; sourceTree = "<group>"; };
/* End PBXFileReference section */

/* Begin PBXFrameworksBuildPhase section */
		889BE4BF1C7F897900983D22 /* Frameworks */ = {
			isa = PBXFrameworksBuildPhase;
			buildActionMask = 2147483647;
			files = (
			);
			runOnlyForDeploymentPostprocessing = 0;
		};
		889BE4D31C7F897A00983D22 /* Frameworks */ = {
			isa = PBXFrameworksBuildPhase;
			buildActionMask = 2147483647;
			files = (
			);
			runOnlyForDeploymentPostprocessing = 0;
		};
/* End PBXFrameworksBuildPhase section */

/* Begin PBXGroup section */
		883BBFA51C9DA135002B4510 /* SWRevealViewController */ = {
			isa = PBXGroup;
			children = (
				883BBFA71C9DA147002B4510 /* SWRevealViewController.h */,
				883BBFA81C9DA147002B4510 /* SWRevealViewController.m */,
				883BBFA61C9DA147002B4510 /* FoyerISEN-Bridging-Header.h */,
			);
			name = SWRevealViewController;
			sourceTree = "<group>";
		};
		889BE4B91C7F897900983D22 = {
			isa = PBXGroup;
			children = (
				889BE4C41C7F897900983D22 /* FoyerISEN */,
				889BE4D91C7F897A00983D22 /* FoyerISENTests */,
				889BE4C31C7F897900983D22 /* Products */,
			);
			sourceTree = "<group>";
		};
		889BE4C31C7F897900983D22 /* Products */ = {
			isa = PBXGroup;
			children = (
				889BE4C21C7F897900983D22 /* FoyerISEN.app */,
				889BE4D61C7F897A00983D22 /* FoyerISENTests.xctest */,
			);
			name = Products;
			sourceTree = "<group>";
		};
		889BE4C41C7F897900983D22 /* FoyerISEN */ = {
			isa = PBXGroup;
			children = (
				88F83FC91CF206B100175D37 /* globalVar.swift */,
				883BBFA51C9DA135002B4510 /* SWRevealViewController */,
				88E45AE21C8B046D0081AF88 /* Network */,
				88E45AE41C8B048A0081AF88 /* Model */,
				88E45AE71C8B05010081AF88 /* View */,
				88E45AE51C8B04DB0081AF88 /* Controller */,
				889BE4C51C7F897900983D22 /* AppDelegate.swift */,
				889BE4CC1C7F897900983D22 /* Assets.xcassets */,
				882D565C1CA95442005AFEE9 /* Main.storyboard */,
				889BE4CE1C7F897900983D22 /* LaunchScreen.storyboard */,
				889BE4D11C7F897900983D22 /* Info.plist */,
			);
			path = FoyerISEN;
			sourceTree = "<group>";
		};
		889BE4D91C7F897A00983D22 /* FoyerISENTests */ = {
			isa = PBXGroup;
			children = (
				889BE4DA1C7F897A00983D22 /* FoyerISENTests.swift */,
				889BE4DC1C7F897A00983D22 /* Info.plist */,
			);
			path = FoyerISENTests;
			sourceTree = "<group>";
		};
		88E45AE21C8B046D0081AF88 /* Network */ = {
			isa = PBXGroup;
			children = (
				889BE4E51C7F89AB00983D22 /* NetworkManager.swift */,
			);
			name = Network;
			sourceTree = "<group>";
		};
		88E45AE41C8B048A0081AF88 /* Model */ = {
			isa = PBXGroup;
			children = (
				8825C9371C8227230042AEFC /* Product.swift */,
				8825C9391C8230E80042AEFC /* Command.swift */,
				8825C93B1C82382F0042AEFC /* Notification.swift */,
			);
			name = Model;
			sourceTree = "<group>";
		};
		88E45AE51C8B04DB0081AF88 /* Controller */ = {
			isa = PBXGroup;
			children = (
				886359C91C959B7200097E55 /* ConnectionController.swift */,
				886359CB1C959CB700097E55 /* HomeController.swift */,
				883BBFAC1C9DA262002B4510 /* CommandController.swift */,
				882D565A1CA94E1D005AFEE9 /* ProductTableViewController.swift */,
			);
			name = Controller;
			sourceTree = "<group>";
		};
		88E45AE71C8B05010081AF88 /* View */ = {
			isa = PBXGroup;
			children = (
				88729DFA1CF0BBD200BD3396 /* ProductCell.swift */,
			);
			name = View;
			sourceTree = "<group>";
		};
/* End PBXGroup section */

/* Begin PBXNativeTarget section */
		889BE4C11C7F897900983D22 /* FoyerISEN */ = {
			isa = PBXNativeTarget;
			buildConfigurationList = 889BE4DF1C7F897A00983D22 /* Build configuration list for PBXNativeTarget "FoyerISEN" */;
			buildPhases = (
				889BE4BE1C7F897900983D22 /* Sources */,
				889BE4BF1C7F897900983D22 /* Frameworks */,
				889BE4C01C7F897900983D22 /* Resources */,
			);
			buildRules = (
			);
			dependencies = (
			);
			name = FoyerISEN;
			productName = FoyerISEN;
			productReference = 889BE4C21C7F897900983D22 /* FoyerISEN.app */;
			productType = "com.apple.product-type.application";
		};
		889BE4D51C7F897A00983D22 /* FoyerISENTests */ = {
			isa = PBXNativeTarget;
			buildConfigurationList = 889BE4E21C7F897A00983D22 /* Build configuration list for PBXNativeTarget "FoyerISENTests" */;
			buildPhases = (
				889BE4D21C7F897A00983D22 /* Sources */,
				889BE4D31C7F897A00983D22 /* Frameworks */,
				889BE4D41C7F897A00983D22 /* Resources */,
			);
			buildRules = (
			);
			dependencies = (
				889BE4D81C7F897A00983D22 /* PBXTargetDependency */,
			);
			name = FoyerISENTests;
			productName = FoyerISENTests;
			productReference = 889BE4D61C7F897A00983D22 /* FoyerISENTests.xctest */;
			productType = "com.apple.product-type.bundle.unit-test";
		};
/* End PBXNativeTarget section */

/* Begin PBXProject section */
		889BE4BA1C7F897900983D22 /* Project object */ = {
			isa = PBXProject;
			attributes = {
				LastSwiftUpdateCheck = 0720;
				LastUpgradeCheck = 0720;
				ORGANIZATIONNAME = "Digital Design";
				TargetAttributes = {
					889BE4C11C7F897900983D22 = {
						CreatedOnToolsVersion = 7.2.1;
						DevelopmentTeam = 72AY7YV95H;
					};
					889BE4D51C7F897A00983D22 = {
						CreatedOnToolsVersion = 7.2.1;
						DevelopmentTeam = 72AY7YV95H;
						TestTargetID = 889BE4C11C7F897900983D22;
					};
				};
			};
			buildConfigurationList = 889BE4BD1C7F897900983D22 /* Build configuration list for PBXProject "FoyerISEN" */;
			compatibilityVersion = "Xcode 3.2";
			developmentRegion = English;
			hasScannedForEncodings = 0;
			knownRegions = (
				en,
				Base,
			);
			mainGroup = 889BE4B91C7F897900983D22;
			productRefGroup = 889BE4C31C7F897900983D22 /* Products */;
			projectDirPath = "";
			projectRoot = "";
			targets = (
				889BE4C11C7F897900983D22 /* FoyerISEN */,
				889BE4D51C7F897A00983D22 /* FoyerISENTests */,
			);
		};
/* End PBXProject section */

/* Begin PBXResourcesBuildPhase section */
		889BE4C01C7F897900983D22 /* Resources */ = {
			isa = PBXResourcesBuildPhase;
			buildActionMask = 2147483647;
			files = (
				882D565E1CA95442005AFEE9 /* Main.storyboard in Resources */,
				889BE4D01C7F897900983D22 /* LaunchScreen.storyboard in Resources */,
				889BE4CD1C7F897900983D22 /* Assets.xcassets in Resources */,
			);
			runOnlyForDeploymentPostprocessing = 0;
		};
		889BE4D41C7F897A00983D22 /* Resources */ = {
			isa = PBXResourcesBuildPhase;
			buildActionMask = 2147483647;
			files = (
			);
			runOnlyForDeploymentPostprocessing = 0;
		};
/* End PBXResourcesBuildPhase section */

/* Begin PBXSourcesBuildPhase section */
		889BE4BE1C7F897900983D22 /* Sources */ = {
			isa = PBXSourcesBuildPhase;
			buildActionMask = 2147483647;
			files = (
				889BE4E61C7F89AB00983D22 /* NetworkManager.swift in Sources */,
				8825C9381C8227230042AEFC /* Product.swift in Sources */,
				886359CC1C959CB700097E55 /* HomeController.swift in Sources */,
				88729DFB1CF0BBD200BD3396 /* ProductCell.swift in Sources */,
				883BBFA91C9DA147002B4510 /* SWRevealViewController.m in Sources */,
				883BBFAD1C9DA262002B4510 /* CommandController.swift in Sources */,
				8825C93C1C82382F0042AEFC /* Notification.swift in Sources */,
				886359CA1C959B7200097E55 /* ConnectionController.swift in Sources */,
				88F83FCA1CF206B100175D37 /* globalVar.swift in Sources */,
				8825C93A1C8230E80042AEFC /* Command.swift in Sources */,
				889BE4C61C7F897900983D22 /* AppDelegate.swift in Sources */,
				882D565B1CA94E1D005AFEE9 /* ProductTableViewController.swift in Sources */,
			);
			runOnlyForDeploymentPostprocessing = 0;
		};
		889BE4D21C7F897A00983D22 /* Sources */ = {
			isa = PBXSourcesBuildPhase;
			buildActionMask = 2147483647;
			files = (
				889BE4DB1C7F897A00983D22 /* FoyerISENTests.swift in Sources */,
			);
			runOnlyForDeploymentPostprocessing = 0;
		};
/* End PBXSourcesBuildPhase section */

/* Begin PBXTargetDependency section */
		889BE4D81C7F897A00983D22 /* PBXTargetDependency */ = {
			isa = PBXTargetDependency;
			target = 889BE4C11C7F897900983D22 /* FoyerISEN */;
			targetProxy = 889BE4D71C7F897A00983D22 /* PBXContainerItemProxy */;
		};
/* End PBXTargetDependency section */

/* Begin PBXVariantGroup section */
		882D565C1CA95442005AFEE9 /* Main.storyboard */ = {
			isa = PBXVariantGroup;
			children = (
				882D565D1CA95442005AFEE9 /* Base */,
			);
			name = Main.storyboard;
			sourceTree = "<group>";
		};
		889BE4CE1C7F897900983D22 /* LaunchScreen.storyboard */ = {
			isa = PBXVariantGroup;
			children = (
				889BE4CF1C7F897900983D22 /* Base */,
			);
			name = LaunchScreen.storyboard;
			sourceTree = "<group>";
		};
/* End PBXVariantGroup section */

/* Begin XCBuildConfiguration section */
		889BE4DD1C7F897A00983D22 /* Debug */ = {
			isa = XCBuildConfiguration;
			buildSettings = {
				ALWAYS_SEARCH_USER_PATHS = NO;
				CLANG_CXX_LANGUAGE_STANDARD = "gnu++0x";
				CLANG_CXX_LIBRARY = "libc++";
				CLANG_ENABLE_MODULES = YES;
				CLANG_ENABLE_OBJC_ARC = YES;
				CLANG_WARN_BOOL_CONVERSION = YES;
				CLANG_WARN_CONSTANT_CONVERSION = YES;
				CLANG_WARN_DIRECT_OBJC_ISA_USAGE = YES_ERROR;
				CLANG_WARN_EMPTY_BODY = YES;
				CLANG_WARN_ENUM_CONVERSION = YES;
				CLANG_WARN_INT_CONVERSION = YES;
				CLANG_WARN_OBJC_ROOT_CLASS = YES_ERROR;
				CLANG_WARN_UNREACHABLE_CODE = YES;
				CLANG_WARN__DUPLICATE_METHOD_MATCH = YES;
				"CODE_SIGN_IDENTITY[sdk=iphoneos*]" = "iPhone Developer";
				COPY_PHASE_STRIP = NO;
				DEBUG_INFORMATION_FORMAT = dwarf;
				ENABLE_STRICT_OBJC_MSGSEND = YES;
				ENABLE_TESTABILITY = YES;
				GCC_C_LANGUAGE_STANDARD = gnu99;
				GCC_DYNAMIC_NO_PIC = NO;
				GCC_NO_COMMON_BLOCKS = YES;
				GCC_OPTIMIZATION_LEVEL = 0;
				GCC_PREPROCESSOR_DEFINITIONS = (
					"DEBUG=1",
					"$(inherited)",
				);
				GCC_WARN_64_TO_32_BIT_CONVERSION = YES;
				GCC_WARN_ABOUT_RETURN_TYPE = YES_ERROR;
				GCC_WARN_UNDECLARED_SELECTOR = YES;
				GCC_WARN_UNINITIALIZED_AUTOS = YES_AGGRESSIVE;
				GCC_WARN_UNUSED_FUNCTION = YES;
				GCC_WARN_UNUSED_VARIABLE = YES;
				IPHONEOS_DEPLOYMENT_TARGET = 9.2;
				MTL_ENABLE_DEBUG_INFO = YES;
				ONLY_ACTIVE_ARCH = YES;
				SDKROOT = iphoneos;
				SWIFT_OPTIMIZATION_LEVEL = "-Onone";
			};
			name = Debug;
		};
		889BE4DE1C7F897A00983D22 /* Release */ = {
			isa = XCBuildConfiguration;
			buildSettings = {
				ALWAYS_SEARCH_USER_PATHS = NO;
				CLANG_CXX_LANGUAGE_STANDARD = "gnu++0x";
				CLANG_CXX_LIBRARY = "libc++";
				CLANG_ENABLE_MODULES = YES;
				CLANG_ENABLE_OBJC_ARC = YES;
				CLANG_WARN_BOOL_CONVERSION = YES;
				CLANG_WARN_CONSTANT_CONVERSION = YES;
				CLANG_WARN_DIRECT_OBJC_ISA_USAGE = YES_ERROR;
				CLANG_WARN_EMPTY_BODY = YES;
				CLANG_WARN_ENUM_CONVERSION = YES;
				CLANG_WARN_INT_CONVERSION = YES;
				CLANG_WARN_OBJC_ROOT_CLASS = YES_ERROR;
				CLANG_WARN_UNREACHABLE_CODE = YES;
				CLANG_WARN__DUPLICATE_METHOD_MATCH = YES;
				"CODE_SIGN_IDENTITY[sdk=iphoneos*]" = "iPhone Developer";
				COPY_PHASE_STRIP = NO;
				DEBUG_INFORMATION_FORMAT = "dwarf-with-dsym";
				ENABLE_NS_ASSERTIONS = NO;
				ENABLE_STRICT_OBJC_MSGSEND = YES;
				GCC_C_LANGUAGE_STANDARD = gnu99;
				GCC_NO_COMMON_BLOCKS = YES;
				GCC_WARN_64_TO_32_BIT_CONVERSION = YES;
				GCC_WARN_ABOUT_RETURN_TYPE = YES_ERROR;
				GCC_WARN_UNDECLARED_SELECTOR = YES;
				GCC_WARN_UNINITIALIZED_AUTOS = YES_AGGRESSIVE;
				GCC_WARN_UNUSED_FUNCTION = YES;
				GCC_WARN_UNUSED_VARIABLE = YES;
				IPHONEOS_DEPLOYMENT_TARGET = 9.2;
				MTL_ENABLE_DEBUG_INFO = NO;
				SDKROOT = iphoneos;
				VALIDATE_PRODUCT = YES;
			};
			name = Release;
		};
		889BE4E01C7F897A00983D22 /* Debug */ = {
			isa = XCBuildConfiguration;
			buildSettings = {
				ASSETCATALOG_COMPILER_APPICON_NAME = AppIcon;
				CLANG_ENABLE_MODULES = YES;
				INFOPLIST_FILE = FoyerISEN/Info.plist;
				LD_RUNPATH_SEARCH_PATHS = "$(inherited) @executable_path/Frameworks";
				PRODUCT_BUNDLE_IDENTIFIER = DigitalDesign.FoyerISEN;
				PRODUCT_NAME = "$(TARGET_NAME)";
				SWIFT_OBJC_BRIDGING_HEADER = "FoyerISEN/FoyerISEN-Bridging-Header.h";
				SWIFT_OPTIMIZATION_LEVEL = "-Onone";
			};
			name = Debug;
		};
		889BE4E11C7F897A00983D22 /* Release */ = {
			isa = XCBuildConfiguration;
			buildSettings = {
				ASSETCATALOG_COMPILER_APPICON_NAME = AppIcon;
				CLANG_ENABLE_MODULES = YES;
				INFOPLIST_FILE = FoyerISEN/Info.plist;
				LD_RUNPATH_SEARCH_PATHS = "$(inherited) @executable_path/Frameworks";
				PRODUCT_BUNDLE_IDENTIFIER = DigitalDesign.FoyerISEN;
				PRODUCT_NAME = "$(TARGET_NAME)";
				SWIFT_OBJC_BRIDGING_HEADER = "FoyerISEN/FoyerISEN-Bridging-Header.h";
			};
			name = Release;
		};
		889BE4E31C7F897A00983D22 /* Debug */ = {
			isa = XCBuildConfiguration;
			buildSettings = {
				BUNDLE_LOADER = "$(TEST_HOST)";
				INFOPLIST_FILE = FoyerISENTests/Info.plist;
				LD_RUNPATH_SEARCH_PATHS = "$(inherited) @executable_path/Frameworks @loader_path/Frameworks";
				PRODUCT_BUNDLE_IDENTIFIER = DigitalDesign.FoyerISENTests;
				PRODUCT_NAME = "$(TARGET_NAME)";
				TEST_HOST = "$(BUILT_PRODUCTS_DIR)/FoyerISEN.app/FoyerISEN";
			};
			name = Debug;
		};
		889BE4E41C7F897A00983D22 /* Release */ = {
			isa = XCBuildConfiguration;
			buildSettings = {
				BUNDLE_LOADER = "$(TEST_HOST)";
				INFOPLIST_FILE = FoyerISENTests/Info.plist;
				LD_RUNPATH_SEARCH_PATHS = "$(inherited) @executable_path/Frameworks @loader_path/Frameworks";
				PRODUCT_BUNDLE_IDENTIFIER = DigitalDesign.FoyerISENTests;
				PRODUCT_NAME = "$(TARGET_NAME)";
				TEST_HOST = "$(BUILT_PRODUCTS_DIR)/FoyerISEN.app/FoyerISEN";
			};
			name = Release;
		};
/* End XCBuildConfiguration section */

/* Begin XCConfigurationList section */
		889BE4BD1C7F897900983D22 /* Build configuration list for PBXProject "FoyerISEN" */ = {
			isa = XCConfigurationList;
			buildConfigurations = (
				889BE4DD1C7F897A00983D22 /* Debug */,
				889BE4DE1C7F897A00983D22 /* Release */,
			);
			defaultConfigurationIsVisible = 0;
			defaultConfigurationName = Release;
		};
		889BE4DF1C7F897A00983D22 /* Build configuration list for PBXNativeTarget "FoyerISEN" */ = {
			isa = XCConfigurationList;
			buildConfigurations = (
				889BE4E01C7F897A00983D22 /* Debug */,
				889BE4E11C7F897A00983D22 /* Release */,
			);
			defaultConfigurationIsVisible = 0;
			defaultConfigurationName = Release;
		};
		889BE4E21C7F897A00983D22 /* Build configuration list for PBXNativeTarget "FoyerISENTests" */ = {
			isa = XCConfigurationList;
			buildConfigurations = (
				889BE4E31C7F897A00983D22 /* Debug */,
				889BE4E41C7F897A00983D22 /* Release */,
			);
			defaultConfigurationIsVisible = 0;
			defaultConfigurationName = Release;
		};
/* End XCConfigurationList section */
	};
	rootObject = 889BE4BA1C7F897900983D22 /* Project object */;
}
